// !$*UTF8*$!
{
	archiveVersion = 1;
	classes = {
	};
	objectVersion = 46;
	objects = {

/* Begin PBXBuildFile section */
		7BFF02961CB0AAEA00B99AB8 /* AppDelegate.swift in Sources */ = {isa = PBXBuildFile; fileRef = 7BFF02951CB0AAEA00B99AB8 /* AppDelegate.swift */; };
		7BFF02981CB0AAEA00B99AB8 /* ViewController.swift in Sources */ = {isa = PBXBuildFile; fileRef = 7BFF02971CB0AAEA00B99AB8 /* ViewController.swift */; };
		7BFF029B1CB0AAEA00B99AB8 /* Main.storyboard in Resources */ = {isa = PBXBuildFile; fileRef = 7BFF02991CB0AAEA00B99AB8 /* Main.storyboard */; };
		7BFF029E1CB0AAEA00B99AB8 /* PlayersSwift.xcdatamodeld in Sources */ = {isa = PBXBuildFile; fileRef = 7BFF029C1CB0AAEA00B99AB8 /* PlayersSwift.xcdatamodeld */; };
		7BFF02A01CB0AAEA00B99AB8 /* Assets.xcassets in Resources */ = {isa = PBXBuildFile; fileRef = 7BFF029F1CB0AAEA00B99AB8 /* Assets.xcassets */; };
		7BFF02A31CB0AAEA00B99AB8 /* LaunchScreen.storyboard in Resources */ = {isa = PBXBuildFile; fileRef = 7BFF02A11CB0AAEA00B99AB8 /* LaunchScreen.storyboard */; };
		7BFF02AE1CB0B2FE00B99AB8 /* Person+CoreDataProperties.m in Sources */ = {isa = PBXBuildFile; fileRef = 7BFF02AB1CB0B2FE00B99AB8 /* Person+CoreDataProperties.m */; };
		7BFF02AF1CB0B2FE00B99AB8 /* Person.m in Sources */ = {isa = PBXBuildFile; fileRef = 7BFF02AD1CB0B2FE00B99AB8 /* Person.m */; };
		7BFF02B31CB0D76A00B99AB8 /* DestinationViewController.swift in Sources */ = {isa = PBXBuildFile; fileRef = 7BFF02B21CB0D76A00B99AB8 /* DestinationViewController.swift */; };
/* End PBXBuildFile section */

/* Begin PBXFileReference section */
		7BFF02921CB0AAEA00B99AB8 /* PlayersSwift.app */ = {isa = PBXFileReference; explicitFileType = wrapper.application; includeInIndex = 0; path = PlayersSwift.app; sourceTree = BUILT_PRODUCTS_DIR; };
		7BFF02951CB0AAEA00B99AB8 /* AppDelegate.swift */ = {isa = PBXFileReference; lastKnownFileType = sourcecode.swift; name = AppDelegate.swift; path = PlayersSwift/AppDelegate.swift; sourceTree = "<group>"; };
		7BFF02971CB0AAEA00B99AB8 /* ViewController.swift */ = {isa = PBXFileReference; lastKnownFileType = sourcecode.swift; path = ViewController.swift; sourceTree = "<group>"; };
		7BFF029A1CB0AAEA00B99AB8 /* Base */ = {isa = PBXFileReference; lastKnownFileType = file.storyboard; name = Base; path = Base.lproj/Main.storyboard; sourceTree = "<group>"; };
		7BFF029D1CB0AAEA00B99AB8 /* PlayersSwift.xcdatamodel */ = {isa = PBXFileReference; lastKnownFileType = wrapper.xcdatamodel; path = PlayersSwift.xcdatamodel; sourceTree = "<group>"; };
		7BFF029F1CB0AAEA00B99AB8 /* Assets.xcassets */ = {isa = PBXFileReference; lastKnownFileType = folder.assetcatalog; path = Assets.xcassets; sourceTree = "<group>"; };
		7BFF02A21CB0AAEA00B99AB8 /* Base */ = {isa = PBXFileReference; lastKnownFileType = file.storyboard; name = Base; path = Base.lproj/LaunchScreen.storyboard; sourceTree = "<group>"; };
		7BFF02A41CB0AAEA00B99AB8 /* Info.plist */ = {isa = PBXFileReference; lastKnownFileType = text.plist.xml; path = Info.plist; sourceTree = "<group>"; };
		7BFF02AA1CB0B2FE00B99AB8 /* Person+CoreDataProperties.h */ = {isa = PBXFileReference; fileEncoding = 4; lastKnownFileType = sourcecode.c.h; path = "Person+CoreDataProperties.h"; sourceTree = "<group>"; };
		7BFF02AB1CB0B2FE00B99AB8 /* Person+CoreDataProperties.m */ = {isa = PBXFileReference; fileEncoding = 4; lastKnownFileType = sourcecode.c.objc; path = "Person+CoreDataProperties.m"; sourceTree = "<group>"; };
		7BFF02AC1CB0B2FE00B99AB8 /* Person.h */ = {isa = PBXFileReference; fileEncoding = 4; lastKnownFileType = sourcecode.c.h; path = Person.h; sourceTree = "<group>"; };
		7BFF02AD1CB0B2FE00B99AB8 /* Person.m */ = {isa = PBXFileReference; fileEncoding = 4; lastKnownFileType = sourcecode.c.objc; path = Person.m; sourceTree = "<group>"; };
		7BFF02B21CB0D76A00B99AB8 /* DestinationViewController.swift */ = {isa = PBXFileReference; fileEncoding = 4; lastKnownFileType = sourcecode.swift; name = DestinationViewController.swift; path = ../DestinationViewController.swift; sourceTree = "<group>"; };
/* End PBXFileReference section */

/* Begin PBXFrameworksBuildPhase section */
		7BFF028F1CB0AAEA00B99AB8 /* Frameworks */ = {
			isa = PBXFrameworksBuildPhase;
			buildActionMask = 2147483647;
			files = (
			);
			runOnlyForDeploymentPostprocessing = 0;
		};
/* End PBXFrameworksBuildPhase section */

/* Begin PBXGroup section */
		7BFF02891CB0AAEA00B99AB8 = {
			isa = PBXGroup;
			children = (
				7BFF02AA1CB0B2FE00B99AB8 /* Person+CoreDataProperties.h */,
				7BFF02AB1CB0B2FE00B99AB8 /* Person+CoreDataProperties.m */,
				7BFF02AC1CB0B2FE00B99AB8 /* Person.h */,
				7BFF02951CB0AAEA00B99AB8 /* AppDelegate.swift */,
				7BFF02AD1CB0B2FE00B99AB8 /* Person.m */,
				7BFF02941CB0AAEA00B99AB8 /* PlayersSwift */,
				7BFF02931CB0AAEA00B99AB8 /* Products */,
			);
			sourceTree = "<group>";
		};
		7BFF02931CB0AAEA00B99AB8 /* Products */ = {
			isa = PBXGroup;
			children = (
				7BFF02921CB0AAEA00B99AB8 /* PlayersSwift.app */,
			);
			name = Products;
			sourceTree = "<group>";
		};
		7BFF02941CB0AAEA00B99AB8 /* PlayersSwift */ = {
			isa = PBXGroup;
			children = (
				7BFF02971CB0AAEA00B99AB8 /* ViewController.swift */,
				7BFF02B21CB0D76A00B99AB8 /* DestinationViewController.swift */,
				7BFF02991CB0AAEA00B99AB8 /* Main.storyboard */,
				7BFF029F1CB0AAEA00B99AB8 /* Assets.xcassets */,
				7BFF02A11CB0AAEA00B99AB8 /* LaunchScreen.storyboard */,
				7BFF02A41CB0AAEA00B99AB8 /* Info.plist */,
				7BFF029C1CB0AAEA00B99AB8 /* PlayersSwift.xcdatamodeld */,
			);
			path = PlayersSwift;
			sourceTree = "<group>";
		};
/* End PBXGroup section */

/* Begin PBXNativeTarget section */
		7BFF02911CB0AAEA00B99AB8 /* PlayersSwift */ = {
			isa = PBXNativeTarget;
			buildConfigurationList = 7BFF02A71CB0AAEA00B99AB8 /* Build configuration list for PBXNativeTarget "PlayersSwift" */;
			buildPhases = (
				7BFF028E1CB0AAEA00B99AB8 /* Sources */,
				7BFF028F1CB0AAEA00B99AB8 /* Frameworks */,
				7BFF02901CB0AAEA00B99AB8 /* Resources */,
			);
			buildRules = (
			);
			dependencies = (
			);
			name = PlayersSwift;
			productName = PlayersSwift;
			productReference = 7BFF02921CB0AAEA00B99AB8 /* PlayersSwift.app */;
			productType = "com.apple.product-type.application";
		};
/* End PBXNativeTarget section */

/* Begin PBXProject section */
		7BFF028A1CB0AAEA00B99AB8 /* Project object */ = {
			isa = PBXProject;
			attributes = {
				LastSwiftUpdateCheck = 0720;
				LastUpgradeCheck = 0720;
				ORGANIZATIONNAME = "James Rochabrun";
				TargetAttributes = {
					7BFF02911CB0AAEA00B99AB8 = {
						CreatedOnToolsVersion = 7.2;
					};
				};
			};
			buildConfigurationList = 7BFF028D1CB0AAEA00B99AB8 /* Build configuration list for PBXProject "PlayersSwift" */;
			compatibilityVersion = "Xcode 3.2";
			developmentRegion = English;
			hasScannedForEncodings = 0;
			knownRegions = (
				en,
				Base,
			);
			mainGroup = 7BFF02891CB0AAEA00B99AB8;
			productRefGroup = 7BFF02931CB0AAEA00B99AB8 /* Products */;
			projectDirPath = "";
			projectRoot = "";
			targets = (
				7BFF02911CB0AAEA00B99AB8 /* PlayersSwift */,
			);
		};
/* End PBXProject section */

/* Begin PBXResourcesBuildPhase section */
		7BFF02901CB0AAEA00B99AB8 /* Resources */ = {
			isa = PBXResourcesBuildPhase;
			buildActionMask = 2147483647;
			files = (
				7BFF02A31CB0AAEA00B99AB8 /* LaunchScreen.storyboard in Resources */,
				7BFF02A01CB0AAEA00B99AB8 /* Assets.xcassets in Resources */,
				7BFF029B1CB0AAEA00B99AB8 /* Main.storyboard in Resources */,
			);
			runOnlyForDeploymentPostprocessing = 0;
		};
/* End PBXResourcesBuildPhase section */

/* Begin PBXSourcesBuildPhase section */
		7BFF028E1CB0AAEA00B99AB8 /* Sources */ = {
			isa = PBXSourcesBuildPhase;
			buildActionMask = 2147483647;
			files = (
				7BFF02AE1CB0B2FE00B99AB8 /* Person+CoreDataProperties.m in Sources */,
				7BFF02B31CB0D76A00B99AB8 /* DestinationViewController.swift in Sources */,
				7BFF029E1CB0AAEA00B99AB8 /* PlayersSwift.xcdatamodeld in Sources */,
				7BFF02AF1CB0B2FE00B99AB8 /* Person.m in Sources */,
				7BFF02981CB0AAEA00B99AB8 /* ViewController.swift in Sources */,
				7BFF02961CB0AAEA00B99AB8 /* AppDelegate.swift in Sources */,
			);
			runOnlyForDeploymentPostprocessing = 0;
		};
/* End PBXSourcesBuildPhase section */

/* Begin PBXVariantGroup section */
		7BFF02991CB0AAEA00B99AB8 /* Main.storyboard */ = {
			isa = PBXVariantGroup;
			children = (
				7BFF029A1CB0AAEA00B99AB8 /* Base */,
			);
			name = Main.storyboard;
			sourceTree = "<group>";
		};
		7BFF02A11CB0AAEA00B99AB8 /* LaunchScreen.storyboard */ = {
			isa = PBXVariantGroup;
			children = (
				7BFF02A21CB0AAEA00B99AB8 /* Base */,
			);
			name = LaunchScreen.storyboard;
			sourceTree = "<group>";
		};
/* End PBXVariantGroup section */

/* Begin XCBuildConfiguration section */
		7BFF02A51CB0AAEA00B99AB8 /* Debug */ = {
			isa = XCBuildConfiguration;
			buildSettings = {
				ALWAYS_SEARCH_USER_PATHS = NO;
				CLANG_CXX_LANGUAGE_STANDARD = "gnu++0x";
				CLANG_CXX_LIBRARY = "libc++";
				CLANG_ENABLE_MODULES = YES;
				CLANG_ENABLE_OBJC_ARC = YES;
				CLANG_WARN_BOOL_CONVERSION = YES;
				CLANG_WARN_CONSTANT_CONVERSION = YES;
				CLANG_WARN_DIRECT_OBJC_ISA_USAGE = YES_ERROR;
				CLANG_WARN_EMPTY_BODY = YES;
				CLANG_WARN_ENUM_CONVERSION = YES;
				CLANG_WARN_INT_CONVERSION = YES;
				CLANG_WARN_OBJC_ROOT_CLASS = YES_ERROR;
				CLANG_WARN_UNREACHABLE_CODE = YES;
				CLANG_WARN__DUPLICATE_METHOD_MATCH = YES;
				"CODE_SIGN_IDENTITY[sdk=iphoneos*]" = "iPhone Developer";
				COPY_PHASE_STRIP = NO;
				DEBUG_INFORMATION_FORMAT = dwarf;
				ENABLE_STRICT_OBJC_MSGSEND = YES;
				ENABLE_TESTABILITY = YES;
				GCC_C_LANGUAGE_STANDARD = gnu99;
				GCC_DYNAMIC_NO_PIC = NO;
				GCC_NO_COMMON_BLOCKS = YES;
				GCC_OPTIMIZATION_LEVEL = 0;
				GCC_PREPROCESSOR_DEFINITIONS = (
					"DEBUG=1",
					"$(inherited)",
				);
				GCC_WARN_64_TO_32_BIT_CONVERSION = YES;
				GCC_WARN_ABOUT_RETURN_TYPE = YES_ERROR;
				GCC_WARN_UNDECLARED_SELECTOR = YES;
				GCC_WARN_UNINITIALIZED_AUTOS = YES_AGGRESSIVE;
				GCC_WARN_UNUSED_FUNCTION = YES;
				GCC_WARN_UNUSED_VARIABLE = YES;
				IPHONEOS_DEPLOYMENT_TARGET = 9.2;
				MTL_ENABLE_DEBUG_INFO = YES;
				ONLY_ACTIVE_ARCH = YES;
				SDKROOT = iphoneos;
				SWIFT_OPTIMIZATION_LEVEL = "-Onone";
			};
			name = Debug;
		};
		7BFF02A61CB0AAEA00B99AB8 /* Release */ = {
			isa = XCBuildConfiguration;
			buildSettings = {
				ALWAYS_SEARCH_USER_PATHS = NO;
				CLANG_CXX_LANGUAGE_STANDARD = "gnu++0x";
				CLANG_CXX_LIBRARY = "libc++";
				CLANG_ENABLE_MODULES = YES;
				CLANG_ENABLE_OBJC_ARC = YES;
				CLANG_WARN_BOOL_CONVERSION = YES;
				CLANG_WARN_CONSTANT_CONVERSION = YES;
				CLANG_WARN_DIRECT_OBJC_ISA_USAGE = YES_ERROR;
				CLANG_WARN_EMPTY_BODY = YES;
				CLANG_WARN_ENUM_CONVERSION = YES;
				CLANG_WARN_INT_CONVERSION = YES;
				CLANG_WARN_OBJC_ROOT_CLASS = YES_ERROR;
				CLANG_WARN_UNREACHABLE_CODE = YES;
				CLANG_WARN__DUPLICATE_METHOD_MATCH = YES;
				"CODE_SIGN_IDENTITY[sdk=iphoneos*]" = "iPhone Developer";
				COPY_PHASE_STRIP = NO;
				DEBUG_INFORMATION_FORMAT = "dwarf-with-dsym";
				ENABLE_NS_ASSERTIONS = NO;
				ENABLE_STRICT_OBJC_MSGSEND = YES;
				GCC_C_LANGUAGE_STANDARD = gnu99;
				GCC_NO_COMMON_BLOCKS = YES;
				GCC_WARN_64_TO_32_BIT_CONVERSION = YES;
				GCC_WARN_ABOUT_RETURN_TYPE = YES_ERROR;
				GCC_WARN_UNDECLARED_SELECTOR = YES;
				GCC_WARN_UNINITIALIZED_AUTOS = YES_AGGRESSIVE;
				GCC_WARN_UNUSED_FUNCTION = YES;
				GCC_WARN_UNUSED_VARIABLE = YES;
				IPHONEOS_DEPLOYMENT_TARGET = 9.2;
				MTL_ENABLE_DEBUG_INFO = NO;
				SDKROOT = iphoneos;
				VALIDATE_PRODUCT = YES;
			};
			name = Release;
		};
		7BFF02A81CB0AAEA00B99AB8 /* Debug */ = {
			isa = XCBuildConfiguration;
			buildSettings = {
				ASSETCATALOG_COMPILER_APPICON_NAME = AppIcon;
				CLANG_ENABLE_MODULES = YES;
				INFOPLIST_FILE = PlayersSwift/Info.plist;
				LD_RUNPATH_SEARCH_PATHS = "$(inherited) @executable_path/Frameworks";
				PRODUCT_BUNDLE_IDENTIFIER = yo.PlayersSwift;
				PRODUCT_NAME = "$(TARGET_NAME)";
				SWIFT_OPTIMIZATION_LEVEL = "-Onone";
			};
			name = Debug;
		};
		7BFF02A91CB0AAEA00B99AB8 /* Release */ = {
			isa = XCBuildConfiguration;
			buildSettings = {
				ASSETCATALOG_COMPILER_APPICON_NAME = AppIcon;
				CLANG_ENABLE_MODULES = YES;
				INFOPLIST_FILE = PlayersSwift/Info.plist;
				LD_RUNPATH_SEARCH_PATHS = "$(inherited) @executable_path/Frameworks";
				PRODUCT_BUNDLE_IDENTIFIER = yo.PlayersSwift;
				PRODUCT_NAME = "$(TARGET_NAME)";
			};
			name = Release;
		};
/* End XCBuildConfiguration section */

/* Begin XCConfigurationList section */
		7BFF028D1CB0AAEA00B99AB8 /* Build configuration list for PBXProject "PlayersSwift" */ = {
			isa = XCConfigurationList;
			buildConfigurations = (
				7BFF02A51CB0AAEA00B99AB8 /* Debug */,
				7BFF02A61CB0AAEA00B99AB8 /* Release */,
			);
			defaultConfigurationIsVisible = 0;
			defaultConfigurationName = Release;
		};
		7BFF02A71CB0AAEA00B99AB8 /* Build configuration list for PBXNativeTarget "PlayersSwift" */ = {
			isa = XCConfigurationList;
			buildConfigurations = (
				7BFF02A81CB0AAEA00B99AB8 /* Debug */,
				7BFF02A91CB0AAEA00B99AB8 /* Release */,
			);
			defaultConfigurationIsVisible = 0;
			defaultConfigurationName = Release;
		};
/* End XCConfigurationList section */

/* Begin XCVersionGroup section */
		7BFF029C1CB0AAEA00B99AB8 /* PlayersSwift.xcdatamodeld */ = {
			isa = XCVersionGroup;
			children = (
				7BFF029D1CB0AAEA00B99AB8 /* PlayersSwift.xcdatamodel */,
			);
			currentVersion = 7BFF029D1CB0AAEA00B99AB8 /* PlayersSwift.xcdatamodel */;
			path = PlayersSwift.xcdatamodeld;
			sourceTree = "<group>";
			versionGroupType = wrapper.xcdatamodel;
		};
/* End XCVersionGroup section */
	};
	rootObject = 7BFF028A1CB0AAEA00B99AB8 /* Project object */;
}
